
Microsoft Visual Studio Solution File, Format Version 12.00
# Visual Studio Version 16
VisualStudioVersion = 16.0.30204.135
MinimumVisualStudioVersion = 10.0.40219.1
Project("{FAE04EC0-301F-11D3-BF4B-00C04F79EFBC}") = "Autofac_AOP_Demo", "Autofac_AOP_Demo\Autofac_AOP_Demo.csproj", "{DDF41842-85B4-419B-B7AB-BF36C4826A1A}"
EndProject
Global
	GlobalSection(SolutionConfigurationPlatforms) = preSolution
		Debug|Any CPU = Debug|Any CPU
		Release|Any CPU = Release|Any CPU
	EndGlobalSection
	GlobalSection(ProjectConfigurationPlatforms) = postSolution
		{DDF41842-85B4-419B-B7AB-BF36C4826A1A}.Debug|Any CPU.ActiveCfg = Debug|Any CPU
		{DDF41842-85B4-419B-B7AB-BF36C4826A1A}.Debug|Any CPU.Build.0 = Debug|Any CPU
		{DDF41842-85B4-419B-B7AB-BF36C4826A1A}.Release|Any CPU.ActiveCfg = Release|Any CPU
		{DDF41842-85B4-419B-B7AB-BF36C4826A1A}.Release|Any CPU.Build.0 = Release|Any CPU
	EndGlobalSection
	GlobalSection(SolutionProperties) = preSolution
		HideSolutionNode = FALSE
	EndGlobalSection
	GlobalSection(ExtensibilityGlobals) = postSolution
		SolutionGuid = {5499135E-51E7-4419-A0C5-A8D8AF72C31A}
	EndGlobalSection
EndGlobal
